// !$*UTF8*$!
{
	archiveVersion = 1;
	classes = {
	};
	objectVersion = 50;
	objects = {

/* Begin PBXBuildFile section */
		2873F24826A7A567000E5A9E /* AppDelegate.swift in Sources */ = {isa = PBXBuildFile; fileRef = 2873F24726A7A567000E5A9E /* AppDelegate.swift */; };
		2873F24A26A7A567000E5A9E /* SceneDelegate.swift in Sources */ = {isa = PBXBuildFile; fileRef = 2873F24926A7A567000E5A9E /* SceneDelegate.swift */; };
		2873F24C26A7A567000E5A9E /* ViewController.swift in Sources */ = {isa = PBXBuildFile; fileRef = 2873F24B26A7A567000E5A9E /* ViewController.swift */; };
		2873F24F26A7A567000E5A9E /* Main.storyboard in Resources */ = {isa = PBXBuildFile; fileRef = 2873F24D26A7A567000E5A9E /* Main.storyboard */; };
		2873F25126A7A56A000E5A9E /* Assets.xcassets in Resources */ = {isa = PBXBuildFile; fileRef = 2873F25026A7A56A000E5A9E /* Assets.xcassets */; };
		2873F25426A7A56A000E5A9E /* LaunchScreen.storyboard in Resources */ = {isa = PBXBuildFile; fileRef = 2873F25226A7A56A000E5A9E /* LaunchScreen.storyboard */; };
		3DA5AEE79C8D98CAB4B041CB /* Pods_GraphQlWithSwift.framework in Frameworks */ = {isa = PBXBuildFile; fileRef = F7792A10741BA2F24EB43853 /* Pods_GraphQlWithSwift.framework */; };
/* End PBXBuildFile section */

/* Begin PBXFileReference section */
		2873F24426A7A567000E5A9E /* GraphQlWithSwift.app */ = {isa = PBXFileReference; explicitFileType = wrapper.application; includeInIndex = 0; path = GraphQlWithSwift.app; sourceTree = BUILT_PRODUCTS_DIR; };
		2873F24726A7A567000E5A9E /* AppDelegate.swift */ = {isa = PBXFileReference; lastKnownFileType = sourcecode.swift; path = AppDelegate.swift; sourceTree = "<group>"; };
		2873F24926A7A567000E5A9E /* SceneDelegate.swift */ = {isa = PBXFileReference; lastKnownFileType = sourcecode.swift; path = SceneDelegate.swift; sourceTree = "<group>"; };
		2873F24B26A7A567000E5A9E /* ViewController.swift */ = {isa = PBXFileReference; lastKnownFileType = sourcecode.swift; path = ViewController.swift; sourceTree = "<group>"; };
		2873F24E26A7A567000E5A9E /* Base */ = {isa = PBXFileReference; lastKnownFileType = file.storyboard; name = Base; path = Base.lproj/Main.storyboard; sourceTree = "<group>"; };
		2873F25026A7A56A000E5A9E /* Assets.xcassets */ = {isa = PBXFileReference; lastKnownFileType = folder.assetcatalog; path = Assets.xcassets; sourceTree = "<group>"; };
		2873F25326A7A56A000E5A9E /* Base */ = {isa = PBXFileReference; lastKnownFileType = file.storyboard; name = Base; path = Base.lproj/LaunchScreen.storyboard; sourceTree = "<group>"; };
		2873F25526A7A56A000E5A9E /* Info.plist */ = {isa = PBXFileReference; lastKnownFileType = text.plist.xml; path = Info.plist; sourceTree = "<group>"; };
		2D2FFE2ADC15B6793BD26C96 /* Pods-GraphQlWithSwift.release.xcconfig */ = {isa = PBXFileReference; includeInIndex = 1; lastKnownFileType = text.xcconfig; name = "Pods-GraphQlWithSwift.release.xcconfig"; path = "Target Support Files/Pods-GraphQlWithSwift/Pods-GraphQlWithSwift.release.xcconfig"; sourceTree = "<group>"; };
		899972FD0962E3D3474ABFDA /* Pods-GraphQlWithSwift.debug.xcconfig */ = {isa = PBXFileReference; includeInIndex = 1; lastKnownFileType = text.xcconfig; name = "Pods-GraphQlWithSwift.debug.xcconfig"; path = "Target Support Files/Pods-GraphQlWithSwift/Pods-GraphQlWithSwift.debug.xcconfig"; sourceTree = "<group>"; };
		F7792A10741BA2F24EB43853 /* Pods_GraphQlWithSwift.framework */ = {isa = PBXFileReference; explicitFileType = wrapper.framework; includeInIndex = 0; path = Pods_GraphQlWithSwift.framework; sourceTree = BUILT_PRODUCTS_DIR; };
/* End PBXFileReference section */

/* Begin PBXFrameworksBuildPhase section */
		2873F24126A7A567000E5A9E /* Frameworks */ = {
			isa = PBXFrameworksBuildPhase;
			buildActionMask = 2147483647;
			files = (
				3DA5AEE79C8D98CAB4B041CB /* Pods_GraphQlWithSwift.framework in Frameworks */,
			);
			runOnlyForDeploymentPostprocessing = 0;
		};
/* End PBXFrameworksBuildPhase section */

/* Begin PBXGroup section */
		2873F23B26A7A566000E5A9E = {
			isa = PBXGroup;
			children = (
				2873F24626A7A567000E5A9E /* GraphQlWithSwift */,
				2873F24526A7A567000E5A9E /* Products */,
				942D92DBDC8FCC8EE31ACF20 /* Pods */,
				EEA620D00D5B77893C3A31E2 /* Frameworks */,
			);
			sourceTree = "<group>";
		};
		2873F24526A7A567000E5A9E /* Products */ = {
			isa = PBXGroup;
			children = (
				2873F24426A7A567000E5A9E /* GraphQlWithSwift.app */,
			);
			name = Products;
			sourceTree = "<group>";
		};
		2873F24626A7A567000E5A9E /* GraphQlWithSwift */ = {
			isa = PBXGroup;
			children = (
				2873F24726A7A567000E5A9E /* AppDelegate.swift */,
				2873F24926A7A567000E5A9E /* SceneDelegate.swift */,
				2873F24B26A7A567000E5A9E /* ViewController.swift */,
				2873F24D26A7A567000E5A9E /* Main.storyboard */,
				2873F25026A7A56A000E5A9E /* Assets.xcassets */,
				2873F25226A7A56A000E5A9E /* LaunchScreen.storyboard */,
				2873F25526A7A56A000E5A9E /* Info.plist */,
			);
			path = GraphQlWithSwift;
			sourceTree = "<group>";
		};
		942D92DBDC8FCC8EE31ACF20 /* Pods */ = {
			isa = PBXGroup;
			children = (
				899972FD0962E3D3474ABFDA /* Pods-GraphQlWithSwift.debug.xcconfig */,
				2D2FFE2ADC15B6793BD26C96 /* Pods-GraphQlWithSwift.release.xcconfig */,
			);
			name = Pods;
			path = Pods;
			sourceTree = "<group>";
		};
		EEA620D00D5B77893C3A31E2 /* Frameworks */ = {
			isa = PBXGroup;
			children = (
				F7792A10741BA2F24EB43853 /* Pods_GraphQlWithSwift.framework */,
			);
			name = Frameworks;
			sourceTree = "<group>";
		};
/* End PBXGroup section */

/* Begin PBXNativeTarget section */
		2873F24326A7A567000E5A9E /* GraphQlWithSwift */ = {
			isa = PBXNativeTarget;
			buildConfigurationList = 2873F25826A7A56A000E5A9E /* Build configuration list for PBXNativeTarget "GraphQlWithSwift" */;
			buildPhases = (
				B88F87E660EAE78E33938E27 /* [CP] Check Pods Manifest.lock */,
				2873F24026A7A567000E5A9E /* Sources */,
				2873F24126A7A567000E5A9E /* Frameworks */,
				2873F24226A7A567000E5A9E /* Resources */,
				53DFA5610F6BC42F8C3629F7 /* [CP] Embed Pods Frameworks */,
			);
			buildRules = (
			);
			dependencies = (
			);
			name = GraphQlWithSwift;
			productName = GraphQlWithSwift;
			productReference = 2873F24426A7A567000E5A9E /* GraphQlWithSwift.app */;
			productType = "com.apple.product-type.application";
		};
/* End PBXNativeTarget section */

/* Begin PBXProject section */
		2873F23C26A7A566000E5A9E /* Project object */ = {
			isa = PBXProject;
			attributes = {
				LastSwiftUpdateCheck = 1250;
				LastUpgradeCheck = 1250;
				TargetAttributes = {
					2873F24326A7A567000E5A9E = {
						CreatedOnToolsVersion = 12.5;
					};
				};
			};
			buildConfigurationList = 2873F23F26A7A566000E5A9E /* Build configuration list for PBXProject "GraphQlWithSwift" */;
			compatibilityVersion = "Xcode 9.3";
			developmentRegion = en;
			hasScannedForEncodings = 0;
			knownRegions = (
				en,
				Base,
			);
			mainGroup = 2873F23B26A7A566000E5A9E;
			productRefGroup = 2873F24526A7A567000E5A9E /* Products */;
			projectDirPath = "";
			projectRoot = "";
			targets = (
				2873F24326A7A567000E5A9E /* GraphQlWithSwift */,
			);
		};
/* End PBXProject section */

/* Begin PBXResourcesBuildPhase section */
		2873F24226A7A567000E5A9E /* Resources */ = {
			isa = PBXResourcesBuildPhase;
			buildActionMask = 2147483647;
			files = (
				2873F25426A7A56A000E5A9E /* LaunchScreen.storyboard in Resources */,
				2873F25126A7A56A000E5A9E /* Assets.xcassets in Resources */,
				2873F24F26A7A567000E5A9E /* Main.storyboard in Resources */,
			);
			runOnlyForDeploymentPostprocessing = 0;
		};
/* End PBXResourcesBuildPhase section */

/* Begin PBXShellScriptBuildPhase section */
		53DFA5610F6BC42F8C3629F7 /* [CP] Embed Pods Frameworks */ = {
			isa = PBXShellScriptBuildPhase;
			buildActionMask = 2147483647;
			files = (
			);
			inputFileListPaths = (
				"${PODS_ROOT}/Target Support Files/Pods-GraphQlWithSwift/Pods-GraphQlWithSwift-frameworks-${CONFIGURATION}-input-files.xcfilelist",
			);
			name = "[CP] Embed Pods Frameworks";
			outputFileListPaths = (
				"${PODS_ROOT}/Target Support Files/Pods-GraphQlWithSwift/Pods-GraphQlWithSwift-frameworks-${CONFIGURATION}-output-files.xcfilelist",
			);
			runOnlyForDeploymentPostprocessing = 0;
			shellPath = /bin/sh;
			shellScript = "\"${PODS_ROOT}/Target Support Files/Pods-GraphQlWithSwift/Pods-GraphQlWithSwift-frameworks.sh\"\n";
			showEnvVarsInLog = 0;
		};
		B88F87E660EAE78E33938E27 /* [CP] Check Pods Manifest.lock */ = {
			isa = PBXShellScriptBuildPhase;
			buildActionMask = 2147483647;
			files = (
			);
			inputFileListPaths = (
			);
			inputPaths = (
				"${PODS_PODFILE_DIR_PATH}/Podfile.lock",
				"${PODS_ROOT}/Manifest.lock",
			);
			name = "[CP] Check Pods Manifest.lock";
			outputFileListPaths = (
			);
			outputPaths = (
				"$(DERIVED_FILE_DIR)/Pods-GraphQlWithSwift-checkManifestLockResult.txt",
			);
			runOnlyForDeploymentPostprocessing = 0;
			shellPath = /bin/sh;
			shellScript = "diff \"${PODS_PODFILE_DIR_PATH}/Podfile.lock\" \"${PODS_ROOT}/Manifest.lock\" > /dev/null\nif [ $? != 0 ] ; then\n    # print error to STDERR\n    echo \"error: The sandbox is not in sync with the Podfile.lock. Run 'pod install' or update your CocoaPods installation.\" >&2\n    exit 1\nfi\n# This output is used by Xcode 'outputs' to avoid re-running this script phase.\necho \"SUCCESS\" > \"${SCRIPT_OUTPUT_FILE_0}\"\n";
			showEnvVarsInLog = 0;
		};
/* End PBXShellScriptBuildPhase section */

/* Begin PBXSourcesBuildPhase section */
		2873F24026A7A567000E5A9E /* Sources */ = {
			isa = PBXSourcesBuildPhase;
			buildActionMask = 2147483647;
			files = (
				2873F24C26A7A567000E5A9E /* ViewController.swift in Sources */,
				2873F24826A7A567000E5A9E /* AppDelegate.swift in Sources */,
				2873F24A26A7A567000E5A9E /* SceneDelegate.swift in Sources */,
			);
			runOnlyForDeploymentPostprocessing = 0;
		};
/* End PBXSourcesBuildPhase section */

/* Begin PBXVariantGroup section */
		2873F24D26A7A567000E5A9E /* Main.storyboard */ = {
			isa = PBXVariantGroup;
			children = (
				2873F24E26A7A567000E5A9E /* Base */,
			);
			name = Main.storyboard;
			sourceTree = "<group>";
		};
		2873F25226A7A56A000E5A9E /* LaunchScreen.storyboard */ = {
			isa = PBXVariantGroup;
			children = (
				2873F25326A7A56A000E5A9E /* Base */,
			);
			name = LaunchScreen.storyboard;
			sourceTree = "<group>";
		};
/* End PBXVariantGroup section */

/* Begin XCBuildConfiguration section */
		2873F25626A7A56A000E5A9E /* Debug */ = {
			isa = XCBuildConfiguration;
			buildSettings = {
				ALWAYS_SEARCH_USER_PATHS = NO;
				CLANG_ANALYZER_NONNULL = YES;
				CLANG_ANALYZER_NUMBER_OBJECT_CONVERSION = YES_AGGRESSIVE;
				CLANG_CXX_LANGUAGE_STANDARD = "gnu++14";
				CLANG_CXX_LIBRARY = "libc++";
				CLANG_ENABLE_MODULES = YES;
				CLANG_ENABLE_OBJC_ARC = YES;
				CLANG_ENABLE_OBJC_WEAK = YES;
				CLANG_WARN_BLOCK_CAPTURE_AUTORELEASING = YES;
				CLANG_WARN_BOOL_CONVERSION = YES;
				CLANG_WARN_COMMA = YES;
				CLANG_WARN_CONSTANT_CONVERSION = YES;
				CLANG_WARN_DEPRECATED_OBJC_IMPLEMENTATIONS = YES;
				CLANG_WARN_DIRECT_OBJC_ISA_USAGE = YES_ERROR;
				CLANG_WARN_DOCUMENTATION_COMMENTS = YES;
				CLANG_WARN_EMPTY_BODY = YES;
				CLANG_WARN_ENUM_CONVERSION = YES;
				CLANG_WARN_INFINITE_RECURSION = YES;
				CLANG_WARN_INT_CONVERSION = YES;
				CLANG_WARN_NON_LITERAL_NULL_CONVERSION = YES;
				CLANG_WARN_OBJC_IMPLICIT_RETAIN_SELF = YES;
				CLANG_WARN_OBJC_LITERAL_CONVERSION = YES;
				CLANG_WARN_OBJC_ROOT_CLASS = YES_ERROR;
				CLANG_WARN_QUOTED_INCLUDE_IN_FRAMEWORK_HEADER = YES;
				CLANG_WARN_RANGE_LOOP_ANALYSIS = YES;
				CLANG_WARN_STRICT_PROTOTYPES = YES;
				CLANG_WARN_SUSPICIOUS_MOVE = YES;
				CLANG_WARN_UNGUARDED_AVAILABILITY = YES_AGGRESSIVE;
				CLANG_WARN_UNREACHABLE_CODE = YES;
				CLANG_WARN__DUPLICATE_METHOD_MATCH = YES;
				COPY_PHASE_STRIP = NO;
				DEBUG_INFORMATION_FORMAT = dwarf;
				ENABLE_STRICT_OBJC_MSGSEND = YES;
				ENABLE_TESTABILITY = YES;
				GCC_C_LANGUAGE_STANDARD = gnu11;
				GCC_DYNAMIC_NO_PIC = NO;
				GCC_NO_COMMON_BLOCKS = YES;
				GCC_OPTIMIZATION_LEVEL = 0;
				GCC_PREPROCESSOR_DEFINITIONS = (
					"DEBUG=1",
					"$(inherited)",
				);
				GCC_WARN_64_TO_32_BIT_CONVERSION = YES;
				GCC_WARN_ABOUT_RETURN_TYPE = YES_ERROR;
				GCC_WARN_UNDECLARED_SELECTOR = YES;
				GCC_WARN_UNINITIALIZED_AUTOS = YES_AGGRESSIVE;
				GCC_WARN_UNUSED_FUNCTION = YES;
				GCC_WARN_UNUSED_VARIABLE = YES;
				IPHONEOS_DEPLOYMENT_TARGET = 14.5;
				MTL_ENABLE_DEBUG_INFO = INCLUDE_SOURCE;
				MTL_FAST_MATH = YES;
				ONLY_ACTIVE_ARCH = YES;
				SDKROOT = iphoneos;
				SWIFT_ACTIVE_COMPILATION_CONDITIONS = DEBUG;
				SWIFT_OPTIMIZATION_LEVEL = "-Onone";
			};
			name = Debug;
		};
		2873F25726A7A56A000E5A9E /* Release */ = {
			isa = XCBuildConfiguration;
			buildSettings = {
				ALWAYS_SEARCH_USER_PATHS = NO;
				CLANG_ANALYZER_NONNULL = YES;
				CLANG_ANALYZER_NUMBER_OBJECT_CONVERSION = YES_AGGRESSIVE;
				CLANG_CXX_LANGUAGE_STANDARD = "gnu++14";
				CLANG_CXX_LIBRARY = "libc++";
				CLANG_ENABLE_MODULES = YES;
				CLANG_ENABLE_OBJC_ARC = YES;
				CLANG_ENABLE_OBJC_WEAK = YES;
				CLANG_WARN_BLOCK_CAPTURE_AUTORELEASING = YES;
				CLANG_WARN_BOOL_CONVERSION = YES;
				CLANG_WARN_COMMA = YES;
				CLANG_WARN_CONSTANT_CONVERSION = YES;
				CLANG_WARN_DEPRECATED_OBJC_IMPLEMENTATIONS = YES;
				CLANG_WARN_DIRECT_OBJC_ISA_USAGE = YES_ERROR;
				CLANG_WARN_DOCUMENTATION_COMMENTS = YES;
				CLANG_WARN_EMPTY_BODY = YES;
				CLANG_WARN_ENUM_CONVERSION = YES;
				CLANG_WARN_INFINITE_RECURSION = YES;
				CLANG_WARN_INT_CONVERSION = YES;
				CLANG_WARN_NON_LITERAL_NULL_CONVERSION = YES;
				CLANG_WARN_OBJC_IMPLICIT_RETAIN_SELF = YES;
				CLANG_WARN_OBJC_LITERAL_CONVERSION = YES;
				CLANG_WARN_OBJC_ROOT_CLASS = YES_ERROR;
				CLANG_WARN_QUOTED_INCLUDE_IN_FRAMEWORK_HEADER = YES;
				CLANG_WARN_RANGE_LOOP_ANALYSIS = YES;
				CLANG_WARN_STRICT_PROTOTYPES = YES;
				CLANG_WARN_SUSPICIOUS_MOVE = YES;
				CLANG_WARN_UNGUARDED_AVAILABILITY = YES_AGGRESSIVE;
				CLANG_WARN_UNREACHABLE_CODE = YES;
				CLANG_WARN__DUPLICATE_METHOD_MATCH = YES;
				COPY_PHASE_STRIP = NO;
				DEBUG_INFORMATION_FORMAT = "dwarf-with-dsym";
				ENABLE_NS_ASSERTIONS = NO;
				ENABLE_STRICT_OBJC_MSGSEND = YES;
				GCC_C_LANGUAGE_STANDARD = gnu11;
				GCC_NO_COMMON_BLOCKS = YES;
				GCC_WARN_64_TO_32_BIT_CONVERSION = YES;
				GCC_WARN_ABOUT_RETURN_TYPE = YES_ERROR;
				GCC_WARN_UNDECLARED_SELECTOR = YES;
				GCC_WARN_UNINITIALIZED_AUTOS = YES_AGGRESSIVE;
				GCC_WARN_UNUSED_FUNCTION = YES;
				GCC_WARN_UNUSED_VARIABLE = YES;
				IPHONEOS_DEPLOYMENT_TARGET = 14.5;
				MTL_ENABLE_DEBUG_INFO = NO;
				MTL_FAST_MATH = YES;
				SDKROOT = iphoneos;
				SWIFT_COMPILATION_MODE = wholemodule;
				SWIFT_OPTIMIZATION_LEVEL = "-O";
				VALIDATE_PRODUCT = YES;
			};
			name = Release;
		};
		2873F25926A7A56A000E5A9E /* Debug */ = {
			isa = XCBuildConfiguration;
			baseConfigurationReference = 899972FD0962E3D3474ABFDA /* Pods-GraphQlWithSwift.debug.xcconfig */;
			buildSettings = {
				ASSETCATALOG_COMPILER_APPICON_NAME = AppIcon;
				ASSETCATALOG_COMPILER_GLOBAL_ACCENT_COLOR_NAME = AccentColor;
				CODE_SIGN_STYLE = Automatic;
				DEVELOPMENT_TEAM = M6C965M7LU;
				INFOPLIST_FILE = GraphQlWithSwift/Info.plist;
				LD_RUNPATH_SEARCH_PATHS = (
					"$(inherited)",
					"@executable_path/Frameworks",
				);
				PRODUCT_BUNDLE_IDENTIFIER = com.maged.UnitConversionsSwiftUI.GraphQlWithSwift;
				PRODUCT_NAME = "$(TARGET_NAME)";
				SWIFT_VERSION = 5.0;
				TARGETED_DEVICE_FAMILY = "1,2";
			};
			name = Debug;
		};
		2873F25A26A7A56A000E5A9E /* Release */ = {
			isa = XCBuildConfiguration;
			baseConfigurationReference = 2D2FFE2ADC15B6793BD26C96 /* Pods-GraphQlWithSwift.release.xcconfig */;
			buildSettings = {
				ASSETCATALOG_COMPILER_APPICON_NAME = AppIcon;
				ASSETCATALOG_COMPILER_GLOBAL_ACCENT_COLOR_NAME = AccentColor;
				CODE_SIGN_STYLE = Automatic;
				DEVELOPMENT_TEAM = M6C965M7LU;
				INFOPLIST_FILE = GraphQlWithSwift/Info.plist;
				LD_RUNPATH_SEARCH_PATHS = (
					"$(inherited)",
					"@executable_path/Frameworks",
				);
				PRODUCT_BUNDLE_IDENTIFIER = com.maged.UnitConversionsSwiftUI.GraphQlWithSwift;
				PRODUCT_NAME = "$(TARGET_NAME)";
				SWIFT_VERSION = 5.0;
				TARGETED_DEVICE_FAMILY = "1,2";
			};
			name = Release;
		};
/* End XCBuildConfiguration section */

/* Begin XCConfigurationList section */
		2873F23F26A7A566000E5A9E /* Build configuration list for PBXProject "GraphQlWithSwift" */ = {
			isa = XCConfigurationList;
			buildConfigurations = (
				2873F25626A7A56A000E5A9E /* Debug */,
				2873F25726A7A56A000E5A9E /* Release */,
			);
			defaultConfigurationIsVisible = 0;
			defaultConfigurationName = Release;
		};
		2873F25826A7A56A000E5A9E /* Build configuration list for PBXNativeTarget "GraphQlWithSwift" */ = {
			isa = XCConfigurationList;
			buildConfigurations = (
				2873F25926A7A56A000E5A9E /* Debug */,
				2873F25A26A7A56A000E5A9E /* Release */,
			);
			defaultConfigurationIsVisible = 0;
			defaultConfigurationName = Release;
		};
/* End XCConfigurationList section */
	};
	rootObject = 2873F23C26A7A566000E5A9E /* Project object */;
}
